
Microsoft Visual Studio Solution File, Format Version 12.00
Project("{FAE04EC0-301F-11D3-BF4B-00C04F79EFBC}") = "SeverityBeacon", "SeverityBeacon\SeverityBeacon.csproj", "{0F742ED6-5392-40BF-9A76-B86314A5CC88}"
EndProject
Project("{FAE04EC0-301F-11D3-BF4B-00C04F79EFBC}") = "SeverityBeacon.Gui", "SeverityBeacon.Gui\SeverityBeacon.Gui.csproj", "{84E4DC06-5486-44A1-BD41-BF59012FDB49}"
EndProject
Global
	GlobalSection(SolutionConfigurationPlatforms) = preSolution
		Debug|Any CPU = Debug|Any CPU
		Release|Any CPU = Release|Any CPU
	EndGlobalSection
	GlobalSection(ProjectConfigurationPlatforms) = postSolution
		{0F742ED6-5392-40BF-9A76-B86314A5CC88}.Debug|Any CPU.ActiveCfg = Debug|Any CPU
		{0F742ED6-5392-40BF-9A76-B86314A5CC88}.Debug|Any CPU.Build.0 = Debug|Any CPU
		{0F742ED6-5392-40BF-9A76-B86314A5CC88}.Release|Any CPU.ActiveCfg = Release|Any CPU
		{0F742ED6-5392-40BF-9A76-B86314A5CC88}.Release|Any CPU.Build.0 = Release|Any CPU
		{84E4DC06-5486-44A1-BD41-BF59012FDB49}.Debug|Any CPU.ActiveCfg = Debug|Any CPU
		{84E4DC06-5486-44A1-BD41-BF59012FDB49}.Debug|Any CPU.Build.0 = Debug|Any CPU
		{84E4DC06-5486-44A1-BD41-BF59012FDB49}.Release|Any CPU.ActiveCfg = Release|Any CPU
		{84E4DC06-5486-44A1-BD41-BF59012FDB49}.Release|Any CPU.Build.0 = Release|Any CPU
	EndGlobalSection
EndGlobal
